
Microsoft Visual Studio Solution File, Format Version 12.00
# Visual Studio Version 17
VisualStudioVersion = 17.0.31903.59
MinimumVisualStudioVersion = 10.0.40219.1
Project("{FAE04EC0-301F-11D3-BF4B-00C04F79EFBC}") = "Portal.Web", "src\Portal.Web\Portal.Web.csproj", "{WEB-PROJ-GUID}"
EndProject
Project("{FAE04EC0-301F-11D3-BF4B-00C04F79EFBC}") = "Portal.Core", "src\Portal.Core\Portal.Core.csproj", "{CORE-PROJ-GUID}"
EndProject
Project("{FAE04EC0-301F-11D3-BF4B-00C04F79EFBC}") = "Portal.Infrastructure", "src\Portal.Infrastructure\Portal.Infrastructure.csproj", "{INFRA-PROJ-GUID}"
EndProject
Project("{FAE04EC0-301F-11D3-BF4B-00C04F79EFBC}") = "Portal.Web.Tests", "tests\Portal.Web.Tests\Portal.Web.Tests.csproj", "{TEST-PROJ-GUID}"
EndProject
Global
	GlobalSection(SolutionConfigurationPlatforms) = preSolution
		Debug|Any CPU = Debug|Any CPU
		Release|Any CPU = Release|Any CPU
	EndGlobalSection
	GlobalSection(ProjectConfigurationPlatforms) = postSolution
		{WEB-PROJ-GUID}.Debug|Any CPU.ActiveCfg = Debug|Any CPU
		{WEB-PROJ-GUID}.Debug|Any CPU.Build.0 = Debug|Any CPU
		{WEB-PROJ-GUID}.Release|Any CPU.ActiveCfg = Release|Any CPU
		{WEB-PROJ-GUID}.Release|Any CPU.Build.0 = Release|Any CPU
		{CORE-PROJ-GUID}.Debug|Any CPU.ActiveCfg = Debug|Any CPU
		{CORE-PROJ-GUID}.Debug|Any CPU.Build.0 = Debug|Any CPU
		{CORE-PROJ-GUID}.Release|Any CPU.ActiveCfg = Release|Any CPU
		{CORE-PROJ-GUID}.Release|Any CPU.Build.0 = Release|Any CPU
		{INFRA-PROJ-GUID}.Debug|Any CPU.ActiveCfg = Debug|Any CPU
		{INFRA-PROJ-GUID}.Debug|Any CPU.Build.0 = Debug|Any CPU
		{INFRA-PROJ-GUID}.Release|Any CPU.ActiveCfg = Release|Any CPU
		{INFRA-PROJ-GUID}.Release|Any CPU.Build.0 = Release|Any CPU
		{TEST-PROJ-GUID}.Debug|Any CPU.ActiveCfg = Debug|Any CPU
		{TEST-PROJ-GUID}.Debug|Any CPU.Build.0 = Debug|Any CPU
		{TEST-PROJ-GUID}.Release|Any CPU.ActiveCfg = Release|Any CPU
		{TEST-PROJ-GUID}.Release|Any CPU.Build.0 = Release|Any CPU
	EndGlobalSection
EndGlobal
